// !$*UTF8*$!
{
	archiveVersion = 1;
	classes = {
	};
	objectVersion = 77;
	objects = {

/* Begin PBXBuildFile section */
		04272B972F74065000CDF2D0 /* Auth in Frameworks */ = {isa = PBXBuildFile; productRef = 04272B962F74065000CDF2D0 /* Auth */; };
		04272B992F74065000CDF2D0 /* Functions in Frameworks */ = {isa = PBXBuildFile; productRef = 04272B982F74065000CDF2D0 /* Functions */; };
		04272B9B2F74065000CDF2D0 /* PostgREST in Frameworks */ = {isa = PBXBuildFile; productRef = 04272B9A2F74065000CDF2D0 /* PostgREST */; };
		04272B9D2F74065000CDF2D0 /* Realtime in Frameworks */ = {isa = PBXBuildFile; productRef = 04272B9C2F74065000CDF2D0 /* Realtime */; };
		04272B9F2F74065000CDF2D0 /* Storage in Frameworks */ = {isa = PBXBuildFile; productRef = 04272B9E2F74065000CDF2D0 /* Storage */; };
		04272BA12F74065000CDF2D0 /* Supabase in Frameworks */ = {isa = PBXBuildFile; productRef = 04272BA02F74065000CDF2D0 /* Supabase */; };
		04AC77472E852809008FE15B /* FirebaseAppCheck in Frameworks */ = {isa = PBXBuildFile; productRef = 04AC77462E852809008FE15B /* FirebaseAppCheck */; };
		04AC77492E852809008FE15B /* FirebaseAuth in Frameworks */ = {isa = PBXBuildFile; productRef = 04AC77482E852809008FE15B /* FirebaseAuth */; };
		04AC774B2E852809008FE15B /* FirebaseDatabase in Frameworks */ = {isa = PBXBuildFile; productRef = 04AC774A2E852809008FE15B /* FirebaseDatabase */; };
		04AC774D2E852809008FE15B /* FirebaseFirestore in Frameworks */ = {isa = PBXBuildFile; productRef = 04AC774C2E852809008FE15B /* FirebaseFirestore */; };
		04AC774F2E852809008FE15B /* FirebaseStorage in Frameworks */ = {isa = PBXBuildFile; productRef = 04AC774E2E852809008FE15B /* FirebaseStorage */; };
		04AC77522E852820008FE15B /* GoogleSignInSwift in Frameworks */ = {isa = PBXBuildFile; productRef = 04AC77512E852820008FE15B /* GoogleSignInSwift */; };
/* End PBXBuildFile section */

/* Begin PBXContainerItemProxy section */
		040BD0E22E4F8D9700E44F60 /* PBXContainerItemProxy */ = {
			isa = PBXContainerItemProxy;
			containerPortal = 040BD0CA2E4F8D9500E44F60 /* Project object */;
			proxyType = 1;
			remoteGlobalIDString = 040BD0D12E4F8D9500E44F60;
			remoteInfo = MEDSAI;
		};
		040BD0EC2E4F8D9700E44F60 /* PBXContainerItemProxy */ = {
			isa = PBXContainerItemProxy;
			containerPortal = 040BD0CA2E4F8D9500E44F60 /* Project object */;
			proxyType = 1;
			remoteGlobalIDString = 040BD0D12E4F8D9500E44F60;
			remoteInfo = MEDSAI;
		};
/* End PBXContainerItemProxy section */

/* Begin PBXFileReference section */
		040BD0D22E4F8D9500E44F60 /* MEDSAI.app */ = {isa = PBXFileReference; explicitFileType = wrapper.application; includeInIndex = 0; path = MEDSAI.app; sourceTree = BUILT_PRODUCTS_DIR; };
		040BD0E12E4F8D9700E44F60 /* MEDSAITests.xctest */ = {isa = PBXFileReference; explicitFileType = wrapper.cfbundle; includeInIndex = 0; path = MEDSAITests.xctest; sourceTree = BUILT_PRODUCTS_DIR; };
		040BD0EB2E4F8D9700E44F60 /* MEDSAIUITests.xctest */ = {isa = PBXFileReference; explicitFileType = wrapper.cfbundle; includeInIndex = 0; path = MEDSAIUITests.xctest; sourceTree = BUILT_PRODUCTS_DIR; };
/* End PBXFileReference section */

/* Begin PBXFileSystemSynchronizedBuildFileExceptionSet section */
		0406DF772E6CB61F001C63D2 /* Exceptions for "MEDSAI" folder in "MEDSAI" target */ = {
			isa = PBXFileSystemSynchronizedBuildFileExceptionSet;
			membershipExceptions = (
				Info.plist,
			);
			target = 040BD0D12E4F8D9500E44F60 /* MEDSAI */;
		};
/* End PBXFileSystemSynchronizedBuildFileExceptionSet section */

/* Begin PBXFileSystemSynchronizedRootGroup section */
		040BD0D42E4F8D9500E44F60 /* MEDSAI */ = {
			isa = PBXFileSystemSynchronizedRootGroup;
			exceptions = (
				0406DF772E6CB61F001C63D2 /* Exceptions for "MEDSAI" folder in "MEDSAI" target */,
			);
			path = MEDSAI;
			sourceTree = "<group>";
		};
/* End PBXFileSystemSynchronizedRootGroup section */

/* Begin PBXFrameworksBuildPhase section */
		040BD0CF2E4F8D9500E44F60 /* Frameworks */ = {
			isa = PBXFrameworksBuildPhase;
			buildActionMask = 2147483647;
			files = (
				04AC774B2E852809008FE15B /* FirebaseDatabase in Frameworks */,
				04AC774D2E852809008FE15B /* FirebaseFirestore in Frameworks */,
				04272B9F2F74065000CDF2D0 /* Storage in Frameworks */,
				04272B992F74065000CDF2D0 /* Functions in Frameworks */,
				04272B9D2F74065000CDF2D0 /* Realtime in Frameworks */,
				04272B9B2F74065000CDF2D0 /* PostgREST in Frameworks */,
				04AC77472E852809008FE15B /* FirebaseAppCheck in Frameworks */,
				04272B972F74065000CDF2D0 /* Auth in Frameworks */,
				04272BA12F74065000CDF2D0 /* Supabase in Frameworks */,
				04AC77522E852820008FE15B /* GoogleSignInSwift in Frameworks */,
				04AC774F2E852809008FE15B /* FirebaseStorage in Frameworks */,
				04AC77492E852809008FE15B /* FirebaseAuth in Frameworks */,
			);
			runOnlyForDeploymentPostprocessing = 0;
		};
		040BD0DE2E4F8D9700E44F60 /* Frameworks */ = {
			isa = PBXFrameworksBuildPhase;
			buildActionMask = 2147483647;
			files = (
			);
			runOnlyForDeploymentPostprocessing = 0;
		};
		040BD0E82E4F8D9700E44F60 /* Frameworks */ = {
			isa = PBXFrameworksBuildPhase;
			buildActionMask = 2147483647;
			files = (
			);
			runOnlyForDeploymentPostprocessing = 0;
		};
/* End PBXFrameworksBuildPhase section */

/* Begin PBXGroup section */
		040BD0C92E4F8D9500E44F60 = {
			isa = PBXGroup;
			children = (
				040BD0D42E4F8D9500E44F60 /* MEDSAI */,
				04AC77442E8527A9008FE15B /* Frameworks */,
				040BD0D32E4F8D9500E44F60 /* Products */,
			);
			sourceTree = "<group>";
		};
		040BD0D32E4F8D9500E44F60 /* Products */ = {
			isa = PBXGroup;
			children = (
				040BD0D22E4F8D9500E44F60 /* MEDSAI.app */,
				040BD0E12E4F8D9700E44F60 /* MEDSAITests.xctest */,
				040BD0EB2E4F8D9700E44F60 /* MEDSAIUITests.xctest */,
			);
			name = Products;
			sourceTree = "<group>";
		};
		04AC77442E8527A9008FE15B /* Frameworks */ = {
			isa = PBXGroup;
			children = (
			);
			name = Frameworks;
			sourceTree = "<group>";
		};
/* End PBXGroup section */

/* Begin PBXNativeTarget section */
		040BD0D12E4F8D9500E44F60 /* MEDSAI */ = {
			isa = PBXNativeTarget;
			buildConfigurationList = 040BD0F52E4F8D9700E44F60 /* Build configuration list for PBXNativeTarget "MEDSAI" */;
			buildPhases = (
				040BD0CE2E4F8D9500E44F60 /* Sources */,
				040BD0CF2E4F8D9500E44F60 /* Frameworks */,
				040BD0D02E4F8D9500E44F60 /* Resources */,
			);
			buildRules = (
			);
			dependencies = (
			);
			fileSystemSynchronizedGroups = (
				040BD0D42E4F8D9500E44F60 /* MEDSAI */,
			);
			name = MEDSAI;
			packageProductDependencies = (
				04AC77462E852809008FE15B /* FirebaseAppCheck */,
				04AC77482E852809008FE15B /* FirebaseAuth */,
				04AC774A2E852809008FE15B /* FirebaseDatabase */,
				04AC774C2E852809008FE15B /* FirebaseFirestore */,
				04AC774E2E852809008FE15B /* FirebaseStorage */,
				04AC77512E852820008FE15B /* GoogleSignInSwift */,
				04272B962F74065000CDF2D0 /* Auth */,
				04272B982F74065000CDF2D0 /* Functions */,
				04272B9A2F74065000CDF2D0 /* PostgREST */,
				04272B9C2F74065000CDF2D0 /* Realtime */,
				04272B9E2F74065000CDF2D0 /* Storage */,
				04272BA02F74065000CDF2D0 /* Supabase */,
			);
			productName = MEDSAI;
			productReference = 040BD0D22E4F8D9500E44F60 /* MEDSAI.app */;
			productType = "com.apple.product-type.application";
		};
		040BD0E02E4F8D9700E44F60 /* MEDSAITests */ = {
			isa = PBXNativeTarget;
			buildConfigurationList = 040BD0F82E4F8D9700E44F60 /* Build configuration list for PBXNativeTarget "MEDSAITests" */;
			buildPhases = (
				040BD0DD2E4F8D9700E44F60 /* Sources */,
				040BD0DE2E4F8D9700E44F60 /* Frameworks */,
				040BD0DF2E4F8D9700E44F60 /* Resources */,
			);
			buildRules = (
			);
			dependencies = (
				040BD0E32E4F8D9700E44F60 /* PBXTargetDependency */,
			);
			name = MEDSAITests;
			packageProductDependencies = (
			);
			productName = MEDSAITests;
			productReference = 040BD0E12E4F8D9700E44F60 /* MEDSAITests.xctest */;
			productType = "com.apple.product-type.bundle.unit-test";
		};
		040BD0EA2E4F8D9700E44F60 /* MEDSAIUITests */ = {
			isa = PBXNativeTarget;
			buildConfigurationList = 040BD0FB2E4F8D9700E44F60 /* Build configuration list for PBXNativeTarget "MEDSAIUITests" */;
			buildPhases = (
				040BD0E72E4F8D9700E44F60 /* Sources */,
				040BD0E82E4F8D9700E44F60 /* Frameworks */,
				040BD0E92E4F8D9700E44F60 /* Resources */,
			);
			buildRules = (
			);
			dependencies = (
				040BD0ED2E4F8D9700E44F60 /* PBXTargetDependency */,
			);
			name = MEDSAIUITests;
			packageProductDependencies = (
			);
			productName = MEDSAIUITests;
			productReference = 040BD0EB2E4F8D9700E44F60 /* MEDSAIUITests.xctest */;
			productType = "com.apple.product-type.bundle.ui-testing";
		};
/* End PBXNativeTarget section */

/* Begin PBXProject section */
		040BD0CA2E4F8D9500E44F60 /* Project object */ = {
			isa = PBXProject;
			attributes = {
				BuildIndependentTargetsInParallel = 1;
				LastSwiftUpdateCheck = 1640;
				LastUpgradeCheck = 2600;
				TargetAttributes = {
					040BD0D12E4F8D9500E44F60 = {
						CreatedOnToolsVersion = 16.4;
						LastSwiftMigration = 1640;
					};
					040BD0E02E4F8D9700E44F60 = {
						CreatedOnToolsVersion = 16.4;
						TestTargetID = 040BD0D12E4F8D9500E44F60;
					};
					040BD0EA2E4F8D9700E44F60 = {
						CreatedOnToolsVersion = 16.4;
						TestTargetID = 040BD0D12E4F8D9500E44F60;
					};
				};
			};
			buildConfigurationList = 040BD0CD2E4F8D9500E44F60 /* Build configuration list for PBXProject "MEDSAI" */;
			developmentRegion = en;
			hasScannedForEncodings = 0;
			knownRegions = (
				en,
				Base,
			);
			mainGroup = 040BD0C92E4F8D9500E44F60;
			minimizedProjectReferenceProxies = 1;
			packageReferences = (
				04AC77452E852809008FE15B /* XCRemoteSwiftPackageReference "firebase-ios-sdk" */,
				04AC77502E852820008FE15B /* XCRemoteSwiftPackageReference "GoogleSignIn-iOS" */,
				04272B952F74065000CDF2D0 /* XCRemoteSwiftPackageReference "supabase-swift" */,
			);
			preferredProjectObjectVersion = 77;
			productRefGroup = 040BD0D32E4F8D9500E44F60 /* Products */;
			projectDirPath = "";
			projectRoot = "";
			targets = (
				040BD0D12E4F8D9500E44F60 /* MEDSAI */,
				040BD0E02E4F8D9700E44F60 /* MEDSAITests */,
				040BD0EA2E4F8D9700E44F60 /* MEDSAIUITests */,
			);
		};
/* End PBXProject section */

/* Begin PBXResourcesBuildPhase section */
		040BD0D02E4F8D9500E44F60 /* Resources */ = {
			isa = PBXResourcesBuildPhase;
			buildActionMask = 2147483647;
			files = (
			);
			runOnlyForDeploymentPostprocessing = 0;
		};
		040BD0DF2E4F8D9700E44F60 /* Resources */ = {
			isa = PBXResourcesBuildPhase;
			buildActionMask = 2147483647;
			files = (
			);
			runOnlyForDeploymentPostprocessing = 0;
		};
		040BD0E92E4F8D9700E44F60 /* Resources */ = {
			isa = PBXResourcesBuildPhase;
			buildActionMask = 2147483647;
			files = (
			);
			runOnlyForDeploymentPostprocessing = 0;
		};
/* End PBXResourcesBuildPhase section */

/* Begin PBXSourcesBuildPhase section */
		040BD0CE2E4F8D9500E44F60 /* Sources */ = {
			isa = PBXSourcesBuildPhase;
			buildActionMask = 2147483647;
			files = (
			);
			runOnlyForDeploymentPostprocessing = 0;
		};
		040BD0DD2E4F8D9700E44F60 /* Sources */ = {
			isa = PBXSourcesBuildPhase;
			buildActionMask = 2147483647;
			files = (
			);
			runOnlyForDeploymentPostprocessing = 0;
		};
		040BD0E72E4F8D9700E44F60 /* Sources */ = {
			isa = PBXSourcesBuildPhase;
			buildActionMask = 2147483647;
			files = (
			);
			runOnlyForDeploymentPostprocessing = 0;
		};
/* End PBXSourcesBuildPhase section */

/* Begin PBXTargetDependency section */
		040BD0E32E4F8D9700E44F60 /* PBXTargetDependency */ = {
			isa = PBXTargetDependency;
			target = 040BD0D12E4F8D9500E44F60 /* MEDSAI */;
			targetProxy = 040BD0E22E4F8D9700E44F60 /* PBXContainerItemProxy */;
		};
		040BD0ED2E4F8D9700E44F60 /* PBXTargetDependency */ = {
			isa = PBXTargetDependency;
			target = 040BD0D12E4F8D9500E44F60 /* MEDSAI */;
			targetProxy = 040BD0EC2E4F8D9700E44F60 /* PBXContainerItemProxy */;
		};
/* End PBXTargetDependency section */

/* Begin XCBuildConfiguration section */
		040BD0F32E4F8D9700E44F60 /* Debug */ = {
			isa = XCBuildConfiguration;
			buildSettings = {
				ALWAYS_SEARCH_USER_PATHS = NO;
				ASSETCATALOG_COMPILER_GENERATE_SWIFT_ASSET_SYMBOL_EXTENSIONS = YES;
				CLANG_ANALYZER_NONNULL = YES;
				CLANG_ANALYZER_NUMBER_OBJECT_CONVERSION = YES_AGGRESSIVE;
				CLANG_CXX_LANGUAGE_STANDARD = "gnu++20";
				CLANG_ENABLE_MODULES = YES;
				CLANG_ENABLE_OBJC_ARC = YES;
				CLANG_ENABLE_OBJC_WEAK = YES;
				CLANG_WARN_BLOCK_CAPTURE_AUTORELEASING = YES;
				CLANG_WARN_BOOL_CONVERSION = YES;
				CLANG_WARN_COMMA = YES;
				CLANG_WARN_CONSTANT_CONVERSION = YES;
				CLANG_WARN_DEPRECATED_OBJC_IMPLEMENTATIONS = YES;
				CLANG_WARN_DIRECT_OBJC_ISA_USAGE = YES_ERROR;
				CLANG_WARN_DOCUMENTATION_COMMENTS = YES;
				CLANG_WARN_EMPTY_BODY = YES;
				CLANG_WARN_ENUM_CONVERSION = YES;
				CLANG_WARN_INFINITE_RECURSION = YES;
				CLANG_WARN_INT_CONVERSION = YES;
				CLANG_WARN_NON_LITERAL_NULL_CONVERSION = YES;
				CLANG_WARN_OBJC_IMPLICIT_RETAIN_SELF = YES;
				CLANG_WARN_OBJC_LITERAL_CONVERSION = YES;
				CLANG_WARN_OBJC_ROOT_CLASS = YES_ERROR;
				CLANG_WARN_QUOTED_INCLUDE_IN_FRAMEWORK_HEADER = YES;
				CLANG_WARN_RANGE_LOOP_ANALYSIS = YES;
				CLANG_WARN_STRICT_PROTOTYPES = YES;
				CLANG_WARN_SUSPICIOUS_MOVE = YES;
				CLANG_WARN_UNGUARDED_AVAILABILITY = YES_AGGRESSIVE;
				CLANG_WARN_UNREACHABLE_CODE = YES;
				CLANG_WARN__DUPLICATE_METHOD_MATCH = YES;
				COPY_PHASE_STRIP = NO;
				DEBUG_INFORMATION_FORMAT = dwarf;
				DEVELOPMENT_TEAM = 48389DB5RF;
				ENABLE_STRICT_OBJC_MSGSEND = YES;
				ENABLE_TESTABILITY = YES;
				ENABLE_USER_SCRIPT_SANDBOXING = YES;
				GCC_C_LANGUAGE_STANDARD = gnu17;
				GCC_DYNAMIC_NO_PIC = NO;
				GCC_NO_COMMON_BLOCKS = YES;
				GCC_OPTIMIZATION_LEVEL = 0;
				GCC_PREPROCESSOR_DEFINITIONS = (
					"DEBUG=1",
					"$(inherited)",
				);
				GCC_WARN_64_TO_32_BIT_CONVERSION = YES;
				GCC_WARN_ABOUT_RETURN_TYPE = YES_ERROR;
				GCC_WARN_UNDECLARED_SELECTOR = YES;
				GCC_WARN_UNINITIALIZED_AUTOS = YES_AGGRESSIVE;
				GCC_WARN_UNUSED_FUNCTION = YES;
				GCC_WARN_UNUSED_VARIABLE = YES;
				IPHONEOS_DEPLOYMENT_TARGET = 18.5;
				LOCALIZATION_PREFERS_STRING_CATALOGS = YES;
				MTL_ENABLE_DEBUG_INFO = INCLUDE_SOURCE;
				MTL_FAST_MATH = YES;
				ONLY_ACTIVE_ARCH = YES;
				SDKROOT = iphoneos;
				STRING_CATALOG_GENERATE_SYMBOLS = YES;
				SWIFT_ACTIVE_COMPILATION_CONDITIONS = "DEBUG $(inherited)";
				SWIFT_OPTIMIZATION_LEVEL = "-Onone";
			};
			name = Debug;
		};
		040BD0F42E4F8D9700E44F60 /* Release */ = {
			isa = XCBuildConfiguration;
			buildSettings = {
				ALWAYS_SEARCH_USER_PATHS = NO;
				ASSETCATALOG_COMPILER_GENERATE_SWIFT_ASSET_SYMBOL_EXTENSIONS = YES;
				CLANG_ANALYZER_NONNULL = YES;
				CLANG_ANALYZER_NUMBER_OBJECT_CONVERSION = YES_AGGRESSIVE;
				CLANG_CXX_LANGUAGE_STANDARD = "gnu++20";
				CLANG_ENABLE_MODULES = YES;
				CLANG_ENABLE_OBJC_ARC = YES;
				CLANG_ENABLE_OBJC_WEAK = YES;
				CLANG_WARN_BLOCK_CAPTURE_AUTORELEASING = YES;
				CLANG_WARN_BOOL_CONVERSION = YES;
				CLANG_WARN_COMMA = YES;
				CLANG_WARN_CONSTANT_CONVERSION = YES;
				CLANG_WARN_DEPRECATED_OBJC_IMPLEMENTATIONS = YES;
				CLANG_WARN_DIRECT_OBJC_ISA_USAGE = YES_ERROR;
				CLANG_WARN_DOCUMENTATION_COMMENTS = YES;
				CLANG_WARN_EMPTY_BODY = YES;
				CLANG_WARN_ENUM_CONVERSION = YES;
				CLANG_WARN_INFINITE_RECURSION = YES;
				CLANG_WARN_INT_CONVERSION = YES;
				CLANG_WARN_NON_LITERAL_NULL_CONVERSION = YES;
				CLANG_WARN_OBJC_IMPLICIT_RETAIN_SELF = YES;
				CLANG_WARN_OBJC_LITERAL_CONVERSION = YES;
				CLANG_WARN_OBJC_ROOT_CLASS = YES_ERROR;
				CLANG_WARN_QUOTED_INCLUDE_IN_FRAMEWORK_HEADER = YES;
				CLANG_WARN_RANGE_LOOP_ANALYSIS = YES;
				CLANG_WARN_STRICT_PROTOTYPES = YES;
				CLANG_WARN_SUSPICIOUS_MOVE = YES;
				CLANG_WARN_UNGUARDED_AVAILABILITY = YES_AGGRESSIVE;
				CLANG_WARN_UNREACHABLE_CODE = YES;
				CLANG_WARN__DUPLICATE_METHOD_MATCH = YES;
				COPY_PHASE_STRIP = NO;
				DEBUG_INFORMATION_FORMAT = "dwarf-with-dsym";
				DEVELOPMENT_TEAM = 48389DB5RF;
				ENABLE_NS_ASSERTIONS = NO;
				ENABLE_STRICT_OBJC_MSGSEND = YES;
				ENABLE_USER_SCRIPT_SANDBOXING = YES;
				GCC_C_LANGUAGE_STANDARD = gnu17;
				GCC_NO_COMMON_BLOCKS = YES;
				GCC_WARN_64_TO_32_BIT_CONVERSION = YES;
				GCC_WARN_ABOUT_RETURN_TYPE = YES_ERROR;
				GCC_WARN_UNDECLARED_SELECTOR = YES;
				GCC_WARN_UNINITIALIZED_AUTOS = YES_AGGRESSIVE;
				GCC_WARN_UNUSED_FUNCTION = YES;
				GCC_WARN_UNUSED_VARIABLE = YES;
				IPHONEOS_DEPLOYMENT_TARGET = 18.5;
				LOCALIZATION_PREFERS_STRING_CATALOGS = YES;
				MTL_ENABLE_DEBUG_INFO = NO;
				MTL_FAST_MATH = YES;
				SDKROOT = iphoneos;
				STRING_CATALOG_GENERATE_SYMBOLS = YES;
				SWIFT_COMPILATION_MODE = wholemodule;
				VALIDATE_PRODUCT = YES;
			};
			name = Release;
		};
		040BD0F62E4F8D9700E44F60 /* Debug */ = {
			isa = XCBuildConfiguration;
			buildSettings = {
				ASSETCATALOG_COMPILER_APPICON_NAME = AppIcon;
				ASSETCATALOG_COMPILER_GLOBAL_ACCENT_COLOR_NAME = AccentColor;
				CLANG_ENABLE_MODULES = YES;
				CODE_SIGN_STYLE = Automatic;
				CURRENT_PROJECT_VERSION = 1;
				DEVELOPMENT_TEAM = 48389DB5RF;
				ENABLE_PREVIEWS = YES;
				GENERATE_INFOPLIST_FILE = YES;
				INFOPLIST_FILE = MEDSAI/Info.plist;
				INFOPLIST_KEY_NSCameraUsageDescription = "We use the camera to scan medication labels.";
				INFOPLIST_KEY_UIApplicationSceneManifest_Generation = YES;
				INFOPLIST_KEY_UIApplicationSupportsIndirectInputEvents = YES;
				INFOPLIST_KEY_UILaunchScreen_Generation = YES;
				INFOPLIST_KEY_UISupportedInterfaceOrientations_iPad = "UIInterfaceOrientationPortrait UIInterfaceOrientationPortraitUpsideDown UIInterfaceOrientationLandscapeLeft UIInterfaceOrientationLandscapeRight";
				INFOPLIST_KEY_UISupportedInterfaceOrientations_iPhone = "UIInterfaceOrientationPortrait UIInterfaceOrientationLandscapeLeft UIInterfaceOrientationLandscapeRight";
				IPHONEOS_DEPLOYMENT_TARGET = 18.3;
				LD_RUNPATH_SEARCH_PATHS = (
					"$(inherited)",
					"@executable_path/Frameworks",
				);
				MARKETING_VERSION = 1.0;
				PRODUCT_BUNDLE_IDENTIFIER = "com.yourname.MedAi.MEDSAI-";
				PRODUCT_NAME = "$(TARGET_NAME)";
				SWIFT_EMIT_LOC_STRINGS = YES;
				SWIFT_OBJC_BRIDGING_HEADER = "MEDSAI/MEDSAI-Bridging-Header.h";
				SWIFT_OPTIMIZATION_LEVEL = "-Onone";
				SWIFT_VERSION = 5.0;
				TARGETED_DEVICE_FAMILY = "1,2";
			};
			name = Debug;
		};
		040BD0F72E4F8D9700E44F60 /* Release */ = {
			isa = XCBuildConfiguration;
			buildSettings = {
				ASSETCATALOG_COMPILER_APPICON_NAME = AppIcon;
				ASSETCATALOG_COMPILER_GLOBAL_ACCENT_COLOR_NAME = AccentColor;
				CLANG_ENABLE_MODULES = YES;
				CODE_SIGN_STYLE = Automatic;
				CURRENT_PROJECT_VERSION = 1;
				DEVELOPMENT_TEAM = 48389DB5RF;
				ENABLE_PREVIEWS = YES;
				GENERATE_INFOPLIST_FILE = YES;
				INFOPLIST_FILE = MEDSAI/Info.plist;
				INFOPLIST_KEY_NSCameraUsageDescription = "We use the camera to scan medication labels.";
				INFOPLIST_KEY_UIApplicationSceneManifest_Generation = YES;
				INFOPLIST_KEY_UIApplicationSupportsIndirectInputEvents = YES;
				INFOPLIST_KEY_UILaunchScreen_Generation = YES;
				INFOPLIST_KEY_UISupportedInterfaceOrientations_iPad = "UIInterfaceOrientationPortrait UIInterfaceOrientationPortraitUpsideDown UIInterfaceOrientationLandscapeLeft UIInterfaceOrientationLandscapeRight";
				INFOPLIST_KEY_UISupportedInterfaceOrientations_iPhone = "UIInterfaceOrientationPortrait UIInterfaceOrientationLandscapeLeft UIInterfaceOrientationLandscapeRight";
				IPHONEOS_DEPLOYMENT_TARGET = 18.3;
				LD_RUNPATH_SEARCH_PATHS = (
					"$(inherited)",
					"@executable_path/Frameworks",
				);
				MARKETING_VERSION = 1.0;
				PRODUCT_BUNDLE_IDENTIFIER = "com.yourname.MedAi.MEDSAI-";
				PRODUCT_NAME = "$(TARGET_NAME)";
				SWIFT_EMIT_LOC_STRINGS = YES;
				SWIFT_OBJC_BRIDGING_HEADER = "MEDSAI/MEDSAI-Bridging-Header.h";
				SWIFT_VERSION = 5.0;
				TARGETED_DEVICE_FAMILY = "1,2";
			};
			name = Release;
		};
		040BD0F92E4F8D9700E44F60 /* Debug */ = {
			isa = XCBuildConfiguration;
			buildSettings = {
				BUNDLE_LOADER = "$(TEST_HOST)";
				CODE_SIGN_STYLE = Automatic;
				CURRENT_PROJECT_VERSION = 1;
				DEVELOPMENT_TEAM = 48389DB5RF;
				GENERATE_INFOPLIST_FILE = YES;
				IPHONEOS_DEPLOYMENT_TARGET = 18.5;
				MARKETING_VERSION = 1.0;
				PRODUCT_BUNDLE_IDENTIFIER = com.yourname.MedAi.MEDSAITests;
				PRODUCT_NAME = "$(TARGET_NAME)";
				SWIFT_EMIT_LOC_STRINGS = NO;
				SWIFT_VERSION = 5.0;
				TARGETED_DEVICE_FAMILY = "1,2";
				TEST_HOST = "$(BUILT_PRODUCTS_DIR)/MEDSAI.app/$(BUNDLE_EXECUTABLE_FOLDER_PATH)/MEDSAI";
			};
			name = Debug;
		};
		040BD0FA2E4F8D9700E44F60 /* Release */ = {
			isa = XCBuildConfiguration;
			buildSettings = {
				BUNDLE_LOADER = "$(TEST_HOST)";
				CODE_SIGN_STYLE = Automatic;
				CURRENT_PROJECT_VERSION = 1;
				DEVELOPMENT_TEAM = 48389DB5RF;
				GENERATE_INFOPLIST_FILE = YES;
				IPHONEOS_DEPLOYMENT_TARGET = 18.5;
				MARKETING_VERSION = 1.0;
				PRODUCT_BUNDLE_IDENTIFIER = com.yourname.MedAi.MEDSAITests;
				PRODUCT_NAME = "$(TARGET_NAME)";
				SWIFT_EMIT_LOC_STRINGS = NO;
				SWIFT_VERSION = 5.0;
				TARGETED_DEVICE_FAMILY = "1,2";
				TEST_HOST = "$(BUILT_PRODUCTS_DIR)/MEDSAI.app/$(BUNDLE_EXECUTABLE_FOLDER_PATH)/MEDSAI";
			};
			name = Release;
		};
		040BD0FC2E4F8D9700E44F60 /* Debug */ = {
			isa = XCBuildConfiguration;
			buildSettings = {
				CODE_SIGN_STYLE = Automatic;
				CURRENT_PROJECT_VERSION = 1;
				DEVELOPMENT_TEAM = 48389DB5RF;
				GENERATE_INFOPLIST_FILE = YES;
				MARKETING_VERSION = 1.0;
				PRODUCT_BUNDLE_IDENTIFIER = com.yourname.MedAi.MEDSAIUITests;
				PRODUCT_NAME = "$(TARGET_NAME)";
				SWIFT_EMIT_LOC_STRINGS = NO;
				SWIFT_VERSION = 5.0;
				TARGETED_DEVICE_FAMILY = "1,2";
				TEST_TARGET_NAME = MEDSAI;
			};
			name = Debug;
		};
		040BD0FD2E4F8D9700E44F60 /* Release */ = {
			isa = XCBuildConfiguration;
			buildSettings = {
				CODE_SIGN_STYLE = Automatic;
				CURRENT_PROJECT_VERSION = 1;
				DEVELOPMENT_TEAM = 48389DB5RF;
				GENERATE_INFOPLIST_FILE = YES;
				MARKETING_VERSION = 1.0;
				PRODUCT_BUNDLE_IDENTIFIER = com.yourname.MedAi.MEDSAIUITests;
				PRODUCT_NAME = "$(TARGET_NAME)";
				SWIFT_EMIT_LOC_STRINGS = NO;
				SWIFT_VERSION = 5.0;
				TARGETED_DEVICE_FAMILY = "1,2";
				TEST_TARGET_NAME = MEDSAI;
			};
			name = Release;
		};
/* End XCBuildConfiguration section */

/* Begin XCConfigurationList section */
		040BD0CD2E4F8D9500E44F60 /* Build configuration list for PBXProject "MEDSAI" */ = {
			isa = XCConfigurationList;
			buildConfigurations = (
				040BD0F32E4F8D9700E44F60 /* Debug */,
				040BD0F42E4F8D9700E44F60 /* Release */,
			);
			defaultConfigurationIsVisible = 0;
			defaultConfigurationName = Release;
		};
		040BD0F52E4F8D9700E44F60 /* Build configuration list for PBXNativeTarget "MEDSAI" */ = {
			isa = XCConfigurationList;
			buildConfigurations = (
				040BD0F62E4F8D9700E44F60 /* Debug */,
				040BD0F72E4F8D9700E44F60 /* Release */,
			);
			defaultConfigurationIsVisible = 0;
			defaultConfigurationName = Release;
		};
		040BD0F82E4F8D9700E44F60 /* Build configuration list for PBXNativeTarget "MEDSAITests" */ = {
			isa = XCConfigurationList;
			buildConfigurations = (
				040BD0F92E4F8D9700E44F60 /* Debug */,
				040BD0FA2E4F8D9700E44F60 /* Release */,
			);
			defaultConfigurationIsVisible = 0;
			defaultConfigurationName = Release;
		};
		040BD0FB2E4F8D9700E44F60 /* Build configuration list for PBXNativeTarget "MEDSAIUITests" */ = {
			isa = XCConfigurationList;
			buildConfigurations = (
				040BD0FC2E4F8D9700E44F60 /* Debug */,
				040BD0FD2E4F8D9700E44F60 /* Release */,
			);
			defaultConfigurationIsVisible = 0;
			defaultConfigurationName = Release;
		};
/* End XCConfigurationList section */

/* Begin XCRemoteSwiftPackageReference section */
		04272B952F74065000CDF2D0 /* XCRemoteSwiftPackageReference "supabase-swift" */ = {
			isa = XCRemoteSwiftPackageReference;
			repositoryURL = "https://github.com/supabase-community/supabase-swift";
			requirement = {
				kind = upToNextMajorVersion;
				minimumVersion = 2.5.1;
			};
		};
		04AC77452E852809008FE15B /* XCRemoteSwiftPackageReference "firebase-ios-sdk" */ = {
			isa = XCRemoteSwiftPackageReference;
			repositoryURL = "https://github.com/firebase/firebase-ios-sdk";
			requirement = {
				kind = upToNextMajorVersion;
				minimumVersion = 12.3.0;
			};
		};
		04AC77502E852820008FE15B /* XCRemoteSwiftPackageReference "GoogleSignIn-iOS" */ = {
			isa = XCRemoteSwiftPackageReference;
			repositoryURL = "https://github.com/google/GoogleSignIn-iOS";
			requirement = {
				kind = upToNextMajorVersion;
				minimumVersion = 9.0.0;
			};
		};
/* End XCRemoteSwiftPackageReference section */

/* Begin XCSwiftPackageProductDependency section */
		04272B962F74065000CDF2D0 /* Auth */ = {
			isa = XCSwiftPackageProductDependency;
			package = 04272B952F74065000CDF2D0 /* XCRemoteSwiftPackageReference "supabase-swift" */;
			productName = Auth;
		};
		04272B982F74065000CDF2D0 /* Functions */ = {
			isa = XCSwiftPackageProductDependency;
			package = 04272B952F74065000CDF2D0 /* XCRemoteSwiftPackageReference "supabase-swift" */;
			productName = Functions;
		};
		04272B9A2F74065000CDF2D0 /* PostgREST */ = {
			isa = XCSwiftPackageProductDependency;
			package = 04272B952F74065000CDF2D0 /* XCRemoteSwiftPackageReference "supabase-swift" */;
			productName = PostgREST;
		};
		04272B9C2F74065000CDF2D0 /* Realtime */ = {
			isa = XCSwiftPackageProductDependency;
			package = 04272B952F74065000CDF2D0 /* XCRemoteSwiftPackageReference "supabase-swift" */;
			productName = Realtime;
		};
		04272B9E2F74065000CDF2D0 /* Storage */ = {
			isa = XCSwiftPackageProductDependency;
			package = 04272B952F74065000CDF2D0 /* XCRemoteSwiftPackageReference "supabase-swift" */;
			productName = Storage;
		};
		04272BA02F74065000CDF2D0 /* Supabase */ = {
			isa = XCSwiftPackageProductDependency;
			package = 04272B952F74065000CDF2D0 /* XCRemoteSwiftPackageReference "supabase-swift" */;
			productName = Supabase;
		};
		04AC77462E852809008FE15B /* FirebaseAppCheck */ = {
			isa = XCSwiftPackageProductDependency;
			package = 04AC77452E852809008FE15B /* XCRemoteSwiftPackageReference "firebase-ios-sdk" */;
			productName = FirebaseAppCheck;
		};
		04AC77482E852809008FE15B /* FirebaseAuth */ = {
			isa = XCSwiftPackageProductDependency;
			package = 04AC77452E852809008FE15B /* XCRemoteSwiftPackageReference "firebase-ios-sdk" */;
			productName = FirebaseAuth;
		};
		04AC774A2E852809008FE15B /* FirebaseDatabase */ = {
			isa = XCSwiftPackageProductDependency;
			package = 04AC77452E852809008FE15B /* XCRemoteSwiftPackageReference "firebase-ios-sdk" */;
			productName = FirebaseDatabase;
		};
		04AC774C2E852809008FE15B /* FirebaseFirestore */ = {
			isa = XCSwiftPackageProductDependency;
			package = 04AC77452E852809008FE15B /* XCRemoteSwiftPackageReference "firebase-ios-sdk" */;
			productName = FirebaseFirestore;
		};
		04AC774E2E852809008FE15B /* FirebaseStorage */ = {
			isa = XCSwiftPackageProductDependency;
			package = 04AC77452E852809008FE15B /* XCRemoteSwiftPackageReference "firebase-ios-sdk" */;
			productName = FirebaseStorage;
		};
		04AC77512E852820008FE15B /* GoogleSignInSwift */ = {
			isa = XCSwiftPackageProductDependency;
			package = 04AC77502E852820008FE15B /* XCRemoteSwiftPackageReference "GoogleSignIn-iOS" */;
			productName = GoogleSignInSwift;
		};
/* End XCSwiftPackageProductDependency section */
	};
	rootObject = 040BD0CA2E4F8D9500E44F60 /* Project object */;
}
